
Microsoft Visual Studio Solution File, Format Version 12.00
# Visual Studio Version 17
VisualStudioVersion = 17.11.35312.102
MinimumVisualStudioVersion = 10.0.40219.1
Project("{FAE04EC0-301F-11D3-BF4B-00C04F79EFBC}") = "ConsoleApp1", "ConsoleApp1.csproj", "{DBEF8C9F-B409-435D-86F4-575603A0DE61}"
EndProject
Global
	GlobalSection(SolutionConfigurationPlatforms) = preSolution
		Debug|Any CPU = Debug|Any CPU
		Release|Any CPU = Release|Any CPU
	EndGlobalSection
	GlobalSection(ProjectConfigurationPlatforms) = postSolution
		{DBEF8C9F-B409-435D-86F4-575603A0DE61}.Debug|Any CPU.ActiveCfg = Debug|Any CPU
		{DBEF8C9F-B409-435D-86F4-575603A0DE61}.Debug|Any CPU.Build.0 = Debug|Any CPU
		{DBEF8C9F-B409-435D-86F4-575603A0DE61}.Release|Any CPU.ActiveCfg = Release|Any CPU
		{DBEF8C9F-B409-435D-86F4-575603A0DE61}.Release|Any CPU.Build.0 = Release|Any CPU
	EndGlobalSection
	GlobalSection(SolutionProperties) = preSolution
		HideSolutionNode = FALSE
	EndGlobalSection
	GlobalSection(ExtensibilityGlobals) = postSolution
		SolutionGuid = {25739DF9-AA63-4FEC-A1C8-8E364791F4A8}
	EndGlobalSection
EndGlobal
